// !$*UTF8*$!
{
	archiveVersion = 1;
	classes = {
	};
	objectVersion = 55;
	objects = {

/* Begin PBXBuildFile section */
		0414801B27D2CFC200CA9FCC /* AppDelegate.swift in Sources */ = {isa = PBXBuildFile; fileRef = 0414801A27D2CFC200CA9FCC /* AppDelegate.swift */; };
		0414801D27D2CFC200CA9FCC /* SceneDelegate.swift in Sources */ = {isa = PBXBuildFile; fileRef = 0414801C27D2CFC200CA9FCC /* SceneDelegate.swift */; };
		0414802227D2CFC200CA9FCC /* Main.storyboard in Resources */ = {isa = PBXBuildFile; fileRef = 0414802027D2CFC200CA9FCC /* Main.storyboard */; };
		0414802527D2CFC200CA9FCC /* moodle.xcdatamodeld in Sources */ = {isa = PBXBuildFile; fileRef = 0414802327D2CFC200CA9FCC /* moodle.xcdatamodeld */; };
		0414802727D2CFC300CA9FCC /* Assets.xcassets in Resources */ = {isa = PBXBuildFile; fileRef = 0414802627D2CFC300CA9FCC /* Assets.xcassets */; };
		0414802A27D2CFC300CA9FCC /* LaunchScreen.storyboard in Resources */ = {isa = PBXBuildFile; fileRef = 0414802827D2CFC300CA9FCC /* LaunchScreen.storyboard */; };
		042CCA9A27E4C39700C24427 /* Data.swift in Sources */ = {isa = PBXBuildFile; fileRef = 042CCA9927E4C39700C24427 /* Data.swift */; };
		044130CE27E8231A00768DBA /* FSCalendar in Frameworks */ = {isa = PBXBuildFile; productRef = 044130CD27E8231A00768DBA /* FSCalendar */; };
		0462C28027EABA9700CD1F06 /* readme.txt in Resources */ = {isa = PBXBuildFile; fileRef = 0462C27F27EABA9700CD1F06 /* readme.txt */; };
		04651F1527E583A500360140 /* VisualizationsViewController.swift in Sources */ = {isa = PBXBuildFile; fileRef = 04651F1227E583A400360140 /* VisualizationsViewController.swift */; };
		04651F1627E583A500360140 /* SettingsViewController.swift in Sources */ = {isa = PBXBuildFile; fileRef = 04651F1327E583A500360140 /* SettingsViewController.swift */; };
		04651F1927E5847900360140 /* Charts in Frameworks */ = {isa = PBXBuildFile; productRef = 04651F1827E5847900360140 /* Charts */; };
		04A24AAD27E80E4E0051CE38 /* LoginViewController.swift in Sources */ = {isa = PBXBuildFile; fileRef = 04A24AAA27E80E4D0051CE38 /* LoginViewController.swift */; };
		04A24AAE27E80E4E0051CE38 /* SignUpViewController.swift in Sources */ = {isa = PBXBuildFile; fileRef = 04A24AAB27E80E4D0051CE38 /* SignUpViewController.swift */; };
		04E1021B27DAED22004E2F8F /* GoogleService-Info.plist in Resources */ = {isa = PBXBuildFile; fileRef = 04E1021A27DAED22004E2F8F /* GoogleService-Info.plist */; };
		1588611727E7D922005E1AD6 /* EnterDataVC.swift in Sources */ = {isa = PBXBuildFile; fileRef = 1588611627E7D922005E1AD6 /* EnterDataVC.swift */; };
		159CD0D927D2DA9A00DCEC19 /* FirebaseAuth in Frameworks */ = {isa = PBXBuildFile; productRef = 159CD0D827D2DA9A00DCEC19 /* FirebaseAuth */; };
		159CD0DB27D2DA9A00DCEC19 /* FirebaseAuthCombine-Community in Frameworks */ = {isa = PBXBuildFile; productRef = 159CD0DA27D2DA9A00DCEC19 /* FirebaseAuthCombine-Community */; };
		159CD0DD27D2DA9A00DCEC19 /* FirebaseDatabase in Frameworks */ = {isa = PBXBuildFile; productRef = 159CD0DC27D2DA9A00DCEC19 /* FirebaseDatabase */; };
		159CD0DF27D2DA9A00DCEC19 /* FirebaseDatabaseSwift-Beta in Frameworks */ = {isa = PBXBuildFile; productRef = 159CD0DE27D2DA9A00DCEC19 /* FirebaseDatabaseSwift-Beta */; };
		159CD0E127D2DA9A00DCEC19 /* FirebaseDynamicLinks in Frameworks */ = {isa = PBXBuildFile; productRef = 159CD0E027D2DA9A00DCEC19 /* FirebaseDynamicLinks */; };
		159CD0E327D2DA9A00DCEC19 /* FirebaseFirestore in Frameworks */ = {isa = PBXBuildFile; productRef = 159CD0E227D2DA9A00DCEC19 /* FirebaseFirestore */; };
		159CD0E527D2DA9A00DCEC19 /* FirebaseFirestoreSwift-Beta in Frameworks */ = {isa = PBXBuildFile; productRef = 159CD0E427D2DA9A00DCEC19 /* FirebaseFirestoreSwift-Beta */; };
		159CD0E727D2DA9A00DCEC19 /* FirebaseFunctionsSwift-Beta in Frameworks */ = {isa = PBXBuildFile; productRef = 159CD0E627D2DA9A00DCEC19 /* FirebaseFunctionsSwift-Beta */; };
		159CD0E927D2DA9A00DCEC19 /* FirebaseMessaging in Frameworks */ = {isa = PBXBuildFile; productRef = 159CD0E827D2DA9A00DCEC19 /* FirebaseMessaging */; };
		159CD0EB27D2DA9A00DCEC19 /* FirebaseStorage in Frameworks */ = {isa = PBXBuildFile; productRef = 159CD0EA27D2DA9A00DCEC19 /* FirebaseStorage */; };
		159CD0ED27D2DA9A00DCEC19 /* FirebaseStorageSwift-Beta in Frameworks */ = {isa = PBXBuildFile; productRef = 159CD0EC27D2DA9A00DCEC19 /* FirebaseStorageSwift-Beta */; };
		40481B2A27DAC5C3003092D5 /* CalendarVC.swift in Sources */ = {isa = PBXBuildFile; fileRef = 40481B2927DAC5C3003092D5 /* CalendarVC.swift */; };
		4065B41A27DDBA00002C4639 /* ExtendedDayVC.swift in Sources */ = {isa = PBXBuildFile; fileRef = 4065B41927DDBA00002C4639 /* ExtendedDayVC.swift */; };
		40B3B4CF27E6CABC0014BC3A /* MoodleColors.swift in Sources */ = {isa = PBXBuildFile; fileRef = 40B3B4CE27E6CABC0014BC3A /* MoodleColors.swift */; };
/* End PBXBuildFile section */

/* Begin PBXFileReference section */
		0414801727D2CFC200CA9FCC /* moodle.app */ = {isa = PBXFileReference; explicitFileType = wrapper.application; includeInIndex = 0; path = moodle.app; sourceTree = BUILT_PRODUCTS_DIR; };
		0414801A27D2CFC200CA9FCC /* AppDelegate.swift */ = {isa = PBXFileReference; lastKnownFileType = sourcecode.swift; path = AppDelegate.swift; sourceTree = "<group>"; };
		0414801C27D2CFC200CA9FCC /* SceneDelegate.swift */ = {isa = PBXFileReference; lastKnownFileType = sourcecode.swift; path = SceneDelegate.swift; sourceTree = "<group>"; };
		0414802127D2CFC200CA9FCC /* Base */ = {isa = PBXFileReference; lastKnownFileType = file.storyboard; name = Base; path = Base.lproj/Main.storyboard; sourceTree = "<group>"; };
		0414802427D2CFC200CA9FCC /* moodle.xcdatamodel */ = {isa = PBXFileReference; lastKnownFileType = wrapper.xcdatamodel; path = moodle.xcdatamodel; sourceTree = "<group>"; };
		0414802627D2CFC300CA9FCC /* Assets.xcassets */ = {isa = PBXFileReference; lastKnownFileType = folder.assetcatalog; path = Assets.xcassets; sourceTree = "<group>"; };
		0414802927D2CFC300CA9FCC /* Base */ = {isa = PBXFileReference; lastKnownFileType = file.storyboard; name = Base; path = Base.lproj/LaunchScreen.storyboard; sourceTree = "<group>"; };
		0414802B27D2CFC300CA9FCC /* Info.plist */ = {isa = PBXFileReference; lastKnownFileType = text.plist.xml; path = Info.plist; sourceTree = "<group>"; };
		042CCA9927E4C39700C24427 /* Data.swift */ = {isa = PBXFileReference; lastKnownFileType = sourcecode.swift; path = Data.swift; sourceTree = "<group>"; };
		0462C27F27EABA9700CD1F06 /* readme.txt */ = {isa = PBXFileReference; lastKnownFileType = text; path = readme.txt; sourceTree = "<group>"; };
		04651F1227E583A400360140 /* VisualizationsViewController.swift */ = {isa = PBXFileReference; fileEncoding = 4; lastKnownFileType = sourcecode.swift; path = VisualizationsViewController.swift; sourceTree = "<group>"; };
		04651F1327E583A500360140 /* SettingsViewController.swift */ = {isa = PBXFileReference; fileEncoding = 4; lastKnownFileType = sourcecode.swift; path = SettingsViewController.swift; sourceTree = "<group>"; };
		04A24AAA27E80E4D0051CE38 /* LoginViewController.swift */ = {isa = PBXFileReference; fileEncoding = 4; lastKnownFileType = sourcecode.swift; path = LoginViewController.swift; sourceTree = "<group>"; };
		04A24AAB27E80E4D0051CE38 /* SignUpViewController.swift */ = {isa = PBXFileReference; fileEncoding = 4; lastKnownFileType = sourcecode.swift; path = SignUpViewController.swift; sourceTree = "<group>"; };
		04E1021A27DAED22004E2F8F /* GoogleService-Info.plist */ = {isa = PBXFileReference; fileEncoding = 4; lastKnownFileType = text.plist.xml; path = "GoogleService-Info.plist"; sourceTree = "<group>"; };
		1588611627E7D922005E1AD6 /* EnterDataVC.swift */ = {isa = PBXFileReference; lastKnownFileType = sourcecode.swift; path = EnterDataVC.swift; sourceTree = "<group>"; };
		40481B2927DAC5C3003092D5 /* CalendarVC.swift */ = {isa = PBXFileReference; lastKnownFileType = sourcecode.swift; path = CalendarVC.swift; sourceTree = "<group>"; };
		4065B41927DDBA00002C4639 /* ExtendedDayVC.swift */ = {isa = PBXFileReference; lastKnownFileType = sourcecode.swift; path = ExtendedDayVC.swift; sourceTree = "<group>"; };
		40B3B4CE27E6CABC0014BC3A /* MoodleColors.swift */ = {isa = PBXFileReference; lastKnownFileType = sourcecode.swift; path = MoodleColors.swift; sourceTree = "<group>"; };
/* End PBXFileReference section */

/* Begin PBXFrameworksBuildPhase section */
		0414801427D2CFC100CA9FCC /* Frameworks */ = {
			isa = PBXFrameworksBuildPhase;
			buildActionMask = 2147483647;
			files = (
				159CD0E927D2DA9A00DCEC19 /* FirebaseMessaging in Frameworks */,
				044130CE27E8231A00768DBA /* FSCalendar in Frameworks */,
				159CD0DD27D2DA9A00DCEC19 /* FirebaseDatabase in Frameworks */,
				159CD0D927D2DA9A00DCEC19 /* FirebaseAuth in Frameworks */,
				159CD0EB27D2DA9A00DCEC19 /* FirebaseStorage in Frameworks */,
				159CD0E527D2DA9A00DCEC19 /* FirebaseFirestoreSwift-Beta in Frameworks */,
				159CD0E727D2DA9A00DCEC19 /* FirebaseFunctionsSwift-Beta in Frameworks */,
				159CD0DF27D2DA9A00DCEC19 /* FirebaseDatabaseSwift-Beta in Frameworks */,
				04651F1927E5847900360140 /* Charts in Frameworks */,
				159CD0DB27D2DA9A00DCEC19 /* FirebaseAuthCombine-Community in Frameworks */,
				159CD0E127D2DA9A00DCEC19 /* FirebaseDynamicLinks in Frameworks */,
				159CD0ED27D2DA9A00DCEC19 /* FirebaseStorageSwift-Beta in Frameworks */,
				159CD0E327D2DA9A00DCEC19 /* FirebaseFirestore in Frameworks */,
			);
			runOnlyForDeploymentPostprocessing = 0;
		};
/* End PBXFrameworksBuildPhase section */

/* Begin PBXGroup section */
		0414800E27D2CFC100CA9FCC = {
			isa = PBXGroup;
			children = (
				0462C27F27EABA9700CD1F06 /* readme.txt */,
				0414801927D2CFC200CA9FCC /* moodle */,
				0414801827D2CFC200CA9FCC /* Products */,
			);
			sourceTree = "<group>";
		};
		0414801827D2CFC200CA9FCC /* Products */ = {
			isa = PBXGroup;
			children = (
				0414801727D2CFC200CA9FCC /* moodle.app */,
			);
			name = Products;
			sourceTree = "<group>";
		};
		0414801927D2CFC200CA9FCC /* moodle */ = {
			isa = PBXGroup;
			children = (
				04E1021A27DAED22004E2F8F /* GoogleService-Info.plist */,
				0414801A27D2CFC200CA9FCC /* AppDelegate.swift */,
				0414801C27D2CFC200CA9FCC /* SceneDelegate.swift */,
				40B3B4CE27E6CABC0014BC3A /* MoodleColors.swift */,
				40481B2927DAC5C3003092D5 /* CalendarVC.swift */,
				4065B41927DDBA00002C4639 /* ExtendedDayVC.swift */,
				0414802027D2CFC200CA9FCC /* Main.storyboard */,
				0414802627D2CFC300CA9FCC /* Assets.xcassets */,
				04A24AAA27E80E4D0051CE38 /* LoginViewController.swift */,
				04A24AAB27E80E4D0051CE38 /* SignUpViewController.swift */,
				04651F1327E583A500360140 /* SettingsViewController.swift */,
				04651F1227E583A400360140 /* VisualizationsViewController.swift */,
				0414802827D2CFC300CA9FCC /* LaunchScreen.storyboard */,
				0414802B27D2CFC300CA9FCC /* Info.plist */,
				0414802327D2CFC200CA9FCC /* moodle.xcdatamodeld */,
				1588611627E7D922005E1AD6 /* EnterDataVC.swift */,
				042CCA9927E4C39700C24427 /* Data.swift */,
			);
			path = moodle;
			sourceTree = "<group>";
		};
/* End PBXGroup section */

/* Begin PBXNativeTarget section */
		0414801627D2CFC100CA9FCC /* moodle */ = {
			isa = PBXNativeTarget;
			buildConfigurationList = 0414802E27D2CFC300CA9FCC /* Build configuration list for PBXNativeTarget "moodle" */;
			buildPhases = (
				0414801327D2CFC100CA9FCC /* Sources */,
				0414801427D2CFC100CA9FCC /* Frameworks */,
				0414801527D2CFC100CA9FCC /* Resources */,
			);
			buildRules = (
			);
			dependencies = (
			);
			name = moodle;
			packageProductDependencies = (
				159CD0D827D2DA9A00DCEC19 /* FirebaseAuth */,
				159CD0DA27D2DA9A00DCEC19 /* FirebaseAuthCombine-Community */,
				159CD0DC27D2DA9A00DCEC19 /* FirebaseDatabase */,
				159CD0DE27D2DA9A00DCEC19 /* FirebaseDatabaseSwift-Beta */,
				159CD0E027D2DA9A00DCEC19 /* FirebaseDynamicLinks */,
				159CD0E227D2DA9A00DCEC19 /* FirebaseFirestore */,
				159CD0E427D2DA9A00DCEC19 /* FirebaseFirestoreSwift-Beta */,
				159CD0E627D2DA9A00DCEC19 /* FirebaseFunctionsSwift-Beta */,
				159CD0E827D2DA9A00DCEC19 /* FirebaseMessaging */,
				159CD0EA27D2DA9A00DCEC19 /* FirebaseStorage */,
				159CD0EC27D2DA9A00DCEC19 /* FirebaseStorageSwift-Beta */,
				04651F1827E5847900360140 /* Charts */,
				044130CD27E8231A00768DBA /* FSCalendar */,
			);
			productName = moodle;
			productReference = 0414801727D2CFC200CA9FCC /* moodle.app */;
			productType = "com.apple.product-type.application";
		};
/* End PBXNativeTarget section */

/* Begin PBXProject section */
		0414800F27D2CFC100CA9FCC /* Project object */ = {
			isa = PBXProject;
			attributes = {
				BuildIndependentTargetsInParallel = 1;
				LastSwiftUpdateCheck = 1320;
				LastUpgradeCheck = 1320;
				TargetAttributes = {
					0414801627D2CFC100CA9FCC = {
						CreatedOnToolsVersion = 13.2.1;
					};
				};
			};
			buildConfigurationList = 0414801227D2CFC100CA9FCC /* Build configuration list for PBXProject "moodle" */;
			compatibilityVersion = "Xcode 13.0";
			developmentRegion = en;
			hasScannedForEncodings = 0;
			knownRegions = (
				en,
				Base,
			);
			mainGroup = 0414800E27D2CFC100CA9FCC;
			packageReferences = (
				159CD0D727D2DA9A00DCEC19 /* XCRemoteSwiftPackageReference "firebase-ios-sdk" */,
				04651F1727E5847800360140 /* XCRemoteSwiftPackageReference "Charts" */,
				044130CC27E8231A00768DBA /* XCRemoteSwiftPackageReference "FSCalendar" */,
			);
			productRefGroup = 0414801827D2CFC200CA9FCC /* Products */;
			projectDirPath = "";
			projectRoot = "";
			targets = (
				0414801627D2CFC100CA9FCC /* moodle */,
			);
		};
/* End PBXProject section */

/* Begin PBXResourcesBuildPhase section */
		0414801527D2CFC100CA9FCC /* Resources */ = {
			isa = PBXResourcesBuildPhase;
			buildActionMask = 2147483647;
			files = (
				0462C28027EABA9700CD1F06 /* readme.txt in Resources */,
				0414802A27D2CFC300CA9FCC /* LaunchScreen.storyboard in Resources */,
				04E1021B27DAED22004E2F8F /* GoogleService-Info.plist in Resources */,
				0414802727D2CFC300CA9FCC /* Assets.xcassets in Resources */,
				0414802227D2CFC200CA9FCC /* Main.storyboard in Resources */,
			);
			runOnlyForDeploymentPostprocessing = 0;
		};
/* End PBXResourcesBuildPhase section */

/* Begin PBXSourcesBuildPhase section */
		0414801327D2CFC100CA9FCC /* Sources */ = {
			isa = PBXSourcesBuildPhase;
			buildActionMask = 2147483647;
			files = (
				4065B41A27DDBA00002C4639 /* ExtendedDayVC.swift in Sources */,
				40481B2A27DAC5C3003092D5 /* CalendarVC.swift in Sources */,
				1588611727E7D922005E1AD6 /* EnterDataVC.swift in Sources */,
				042CCA9A27E4C39700C24427 /* Data.swift in Sources */,
				04651F1627E583A500360140 /* SettingsViewController.swift in Sources */,
				0414801B27D2CFC200CA9FCC /* AppDelegate.swift in Sources */,
				0414801D27D2CFC200CA9FCC /* SceneDelegate.swift in Sources */,
				04A24AAE27E80E4E0051CE38 /* SignUpViewController.swift in Sources */,
				0414802527D2CFC200CA9FCC /* moodle.xcdatamodeld in Sources */,
				04651F1527E583A500360140 /* VisualizationsViewController.swift in Sources */,
				04A24AAD27E80E4E0051CE38 /* LoginViewController.swift in Sources */,
				40B3B4CF27E6CABC0014BC3A /* MoodleColors.swift in Sources */,
			);
			runOnlyForDeploymentPostprocessing = 0;
		};
/* End PBXSourcesBuildPhase section */

/* Begin PBXVariantGroup section */
		0414802027D2CFC200CA9FCC /* Main.storyboard */ = {
			isa = PBXVariantGroup;
			children = (
				0414802127D2CFC200CA9FCC /* Base */,
			);
			name = Main.storyboard;
			sourceTree = "<group>";
		};
		0414802827D2CFC300CA9FCC /* LaunchScreen.storyboard */ = {
			isa = PBXVariantGroup;
			children = (
				0414802927D2CFC300CA9FCC /* Base */,
			);
			name = LaunchScreen.storyboard;
			sourceTree = "<group>";
		};
/* End PBXVariantGroup section */

/* Begin XCBuildConfiguration section */
		0414802C27D2CFC300CA9FCC /* Debug */ = {
			isa = XCBuildConfiguration;
			buildSettings = {
				ALWAYS_SEARCH_USER_PATHS = NO;
				CLANG_ANALYZER_NONNULL = YES;
				CLANG_ANALYZER_NUMBER_OBJECT_CONVERSION = YES_AGGRESSIVE;
				CLANG_CXX_LANGUAGE_STANDARD = "gnu++17";
				CLANG_CXX_LIBRARY = "libc++";
				CLANG_ENABLE_MODULES = YES;
				CLANG_ENABLE_OBJC_ARC = YES;
				CLANG_ENABLE_OBJC_WEAK = YES;
				CLANG_WARN_BLOCK_CAPTURE_AUTORELEASING = YES;
				CLANG_WARN_BOOL_CONVERSION = YES;
				CLANG_WARN_COMMA = YES;
				CLANG_WARN_CONSTANT_CONVERSION = YES;
				CLANG_WARN_DEPRECATED_OBJC_IMPLEMENTATIONS = YES;
				CLANG_WARN_DIRECT_OBJC_ISA_USAGE = YES_ERROR;
				CLANG_WARN_DOCUMENTATION_COMMENTS = YES;
				CLANG_WARN_EMPTY_BODY = YES;
				CLANG_WARN_ENUM_CONVERSION = YES;
				CLANG_WARN_INFINITE_RECURSION = YES;
				CLANG_WARN_INT_CONVERSION = YES;
				CLANG_WARN_NON_LITERAL_NULL_CONVERSION = YES;
				CLANG_WARN_OBJC_IMPLICIT_RETAIN_SELF = YES;
				CLANG_WARN_OBJC_LITERAL_CONVERSION = YES;
				CLANG_WARN_OBJC_ROOT_CLASS = YES_ERROR;
				CLANG_WARN_QUOTED_INCLUDE_IN_FRAMEWORK_HEADER = YES;
				CLANG_WARN_RANGE_LOOP_ANALYSIS = YES;
				CLANG_WARN_STRICT_PROTOTYPES = YES;
				CLANG_WARN_SUSPICIOUS_MOVE = YES;
				CLANG_WARN_UNGUARDED_AVAILABILITY = YES_AGGRESSIVE;
				CLANG_WARN_UNREACHABLE_CODE = YES;
				CLANG_WARN__DUPLICATE_METHOD_MATCH = YES;
				COPY_PHASE_STRIP = NO;
				DEBUG_INFORMATION_FORMAT = dwarf;
				ENABLE_STRICT_OBJC_MSGSEND = YES;
				ENABLE_TESTABILITY = YES;
				GCC_C_LANGUAGE_STANDARD = gnu11;
				GCC_DYNAMIC_NO_PIC = NO;
				GCC_NO_COMMON_BLOCKS = YES;
				GCC_OPTIMIZATION_LEVEL = 0;
				GCC_PREPROCESSOR_DEFINITIONS = (
					"DEBUG=1",
					"$(inherited)",
				);
				GCC_WARN_64_TO_32_BIT_CONVERSION = YES;
				GCC_WARN_ABOUT_RETURN_TYPE = YES_ERROR;
				GCC_WARN_UNDECLARED_SELECTOR = YES;
				GCC_WARN_UNINITIALIZED_AUTOS = YES_AGGRESSIVE;
				GCC_WARN_UNUSED_FUNCTION = YES;
				GCC_WARN_UNUSED_VARIABLE = YES;
				IPHONEOS_DEPLOYMENT_TARGET = 15.2;
				MTL_ENABLE_DEBUG_INFO = INCLUDE_SOURCE;
				MTL_FAST_MATH = YES;
				ONLY_ACTIVE_ARCH = YES;
				SDKROOT = iphoneos;
				SWIFT_ACTIVE_COMPILATION_CONDITIONS = DEBUG;
				SWIFT_OPTIMIZATION_LEVEL = "-Onone";
			};
			name = Debug;
		};
		0414802D27D2CFC300CA9FCC /* Release */ = {
			isa = XCBuildConfiguration;
			buildSettings = {
				ALWAYS_SEARCH_USER_PATHS = NO;
				CLANG_ANALYZER_NONNULL = YES;
				CLANG_ANALYZER_NUMBER_OBJECT_CONVERSION = YES_AGGRESSIVE;
				CLANG_CXX_LANGUAGE_STANDARD = "gnu++17";
				CLANG_CXX_LIBRARY = "libc++";
				CLANG_ENABLE_MODULES = YES;
				CLANG_ENABLE_OBJC_ARC = YES;
				CLANG_ENABLE_OBJC_WEAK = YES;
				CLANG_WARN_BLOCK_CAPTURE_AUTORELEASING = YES;
				CLANG_WARN_BOOL_CONVERSION = YES;
				CLANG_WARN_COMMA = YES;
				CLANG_WARN_CONSTANT_CONVERSION = YES;
				CLANG_WARN_DEPRECATED_OBJC_IMPLEMENTATIONS = YES;
				CLANG_WARN_DIRECT_OBJC_ISA_USAGE = YES_ERROR;
				CLANG_WARN_DOCUMENTATION_COMMENTS = YES;
				CLANG_WARN_EMPTY_BODY = YES;
				CLANG_WARN_ENUM_CONVERSION = YES;
				CLANG_WARN_INFINITE_RECURSION = YES;
				CLANG_WARN_INT_CONVERSION = YES;
				CLANG_WARN_NON_LITERAL_NULL_CONVERSION = YES;
				CLANG_WARN_OBJC_IMPLICIT_RETAIN_SELF = YES;
				CLANG_WARN_OBJC_LITERAL_CONVERSION = YES;
				CLANG_WARN_OBJC_ROOT_CLASS = YES_ERROR;
				CLANG_WARN_QUOTED_INCLUDE_IN_FRAMEWORK_HEADER = YES;
				CLANG_WARN_RANGE_LOOP_ANALYSIS = YES;
				CLANG_WARN_STRICT_PROTOTYPES = YES;
				CLANG_WARN_SUSPICIOUS_MOVE = YES;
				CLANG_WARN_UNGUARDED_AVAILABILITY = YES_AGGRESSIVE;
				CLANG_WARN_UNREACHABLE_CODE = YES;
				CLANG_WARN__DUPLICATE_METHOD_MATCH = YES;
				COPY_PHASE_STRIP = NO;
				DEBUG_INFORMATION_FORMAT = "dwarf-with-dsym";
				ENABLE_NS_ASSERTIONS = NO;
				ENABLE_STRICT_OBJC_MSGSEND = YES;
				GCC_C_LANGUAGE_STANDARD = gnu11;
				GCC_NO_COMMON_BLOCKS = YES;
				GCC_WARN_64_TO_32_BIT_CONVERSION = YES;
				GCC_WARN_ABOUT_RETURN_TYPE = YES_ERROR;
				GCC_WARN_UNDECLARED_SELECTOR = YES;
				GCC_WARN_UNINITIALIZED_AUTOS = YES_AGGRESSIVE;
				GCC_WARN_UNUSED_FUNCTION = YES;
				GCC_WARN_UNUSED_VARIABLE = YES;
				IPHONEOS_DEPLOYMENT_TARGET = 15.2;
				MTL_ENABLE_DEBUG_INFO = NO;
				MTL_FAST_MATH = YES;
				SDKROOT = iphoneos;
				SWIFT_COMPILATION_MODE = wholemodule;
				SWIFT_OPTIMIZATION_LEVEL = "-O";
				VALIDATE_PRODUCT = YES;
			};
			name = Release;
		};
		0414802F27D2CFC300CA9FCC /* Debug */ = {
			isa = XCBuildConfiguration;
			buildSettings = {
				ASSETCATALOG_COMPILER_APPICON_NAME = AppIcon;
				ASSETCATALOG_COMPILER_GLOBAL_ACCENT_COLOR_NAME = AccentColor;
				CODE_SIGN_STYLE = Automatic;
				CURRENT_PROJECT_VERSION = 1;
				DEVELOPMENT_TEAM = "";
				GENERATE_INFOPLIST_FILE = YES;
				INFOPLIST_FILE = moodle/Info.plist;
				INFOPLIST_KEY_UIApplicationSupportsIndirectInputEvents = YES;
				INFOPLIST_KEY_UILaunchStoryboardName = LaunchScreen;
				INFOPLIST_KEY_UIMainStoryboardFile = Main;
				INFOPLIST_KEY_UISupportedInterfaceOrientations_iPad = "UIInterfaceOrientationPortrait UIInterfaceOrientationPortraitUpsideDown UIInterfaceOrientationLandscapeLeft UIInterfaceOrientationLandscapeRight";
				INFOPLIST_KEY_UISupportedInterfaceOrientations_iPhone = "UIInterfaceOrientationPortrait UIInterfaceOrientationLandscapeLeft UIInterfaceOrientationLandscapeRight";
				LD_RUNPATH_SEARCH_PATHS = (
					"$(inherited)",
					"@executable_path/Frameworks",
				);
				MARKETING_VERSION = 1.0;
				PRODUCT_BUNDLE_IDENTIFIER = utcs.moodle;
				PRODUCT_NAME = "$(TARGET_NAME)";
				SWIFT_EMIT_LOC_STRINGS = YES;
				SWIFT_VERSION = 5.0;
				TARGETED_DEVICE_FAMILY = "1,2";
			};
			name = Debug;
		};
		0414803027D2CFC300CA9FCC /* Release */ = {
			isa = XCBuildConfiguration;
			buildSettings = {
				ASSETCATALOG_COMPILER_APPICON_NAME = AppIcon;
				ASSETCATALOG_COMPILER_GLOBAL_ACCENT_COLOR_NAME = AccentColor;
				CODE_SIGN_STYLE = Automatic;
				CURRENT_PROJECT_VERSION = 1;
				DEVELOPMENT_TEAM = 5B5JDB692B;
				GENERATE_INFOPLIST_FILE = YES;
				INFOPLIST_FILE = moodle/Info.plist;
				INFOPLIST_KEY_UIApplicationSupportsIndirectInputEvents = YES;
				INFOPLIST_KEY_UILaunchStoryboardName = LaunchScreen;
				INFOPLIST_KEY_UIMainStoryboardFile = Main;
				INFOPLIST_KEY_UISupportedInterfaceOrientations_iPad = "UIInterfaceOrientationPortrait UIInterfaceOrientationPortraitUpsideDown UIInterfaceOrientationLandscapeLeft UIInterfaceOrientationLandscapeRight";
				INFOPLIST_KEY_UISupportedInterfaceOrientations_iPhone = "UIInterfaceOrientationPortrait UIInterfaceOrientationLandscapeLeft UIInterfaceOrientationLandscapeRight";
				LD_RUNPATH_SEARCH_PATHS = (
					"$(inherited)",
					"@executable_path/Frameworks",
				);
				MARKETING_VERSION = 1.0;
				PRODUCT_BUNDLE_IDENTIFIER = utcs.moodle;
				PRODUCT_NAME = "$(TARGET_NAME)";
				SWIFT_EMIT_LOC_STRINGS = YES;
				SWIFT_VERSION = 5.0;
				TARGETED_DEVICE_FAMILY = "1,2";
			};
			name = Release;
		};
/* End XCBuildConfiguration section */

/* Begin XCConfigurationList section */
		0414801227D2CFC100CA9FCC /* Build configuration list for PBXProject "moodle" */ = {
			isa = XCConfigurationList;
			buildConfigurations = (
				0414802C27D2CFC300CA9FCC /* Debug */,
				0414802D27D2CFC300CA9FCC /* Release */,
			);
			defaultConfigurationIsVisible = 0;
			defaultConfigurationName = Release;
		};
		0414802E27D2CFC300CA9FCC /* Build configuration list for PBXNativeTarget "moodle" */ = {
			isa = XCConfigurationList;
			buildConfigurations = (
				0414802F27D2CFC300CA9FCC /* Debug */,
				0414803027D2CFC300CA9FCC /* Release */,
			);
			defaultConfigurationIsVisible = 0;
			defaultConfigurationName = Release;
		};
/* End XCConfigurationList section */

/* Begin XCRemoteSwiftPackageReference section */
		044130CC27E8231A00768DBA /* XCRemoteSwiftPackageReference "FSCalendar" */ = {
			isa = XCRemoteSwiftPackageReference;
			repositoryURL = "https://github.com/WenchaoD/FSCalendar";
			requirement = {
				kind = upToNextMajorVersion;
				minimumVersion = 2.0.0;
			};
		};
		04651F1727E5847800360140 /* XCRemoteSwiftPackageReference "Charts" */ = {
			isa = XCRemoteSwiftPackageReference;
			repositoryURL = "https://github.com/danielgindi/Charts";
			requirement = {
				kind = upToNextMajorVersion;
				minimumVersion = 3.0.0;
			};
		};
		159CD0D727D2DA9A00DCEC19 /* XCRemoteSwiftPackageReference "firebase-ios-sdk" */ = {
			isa = XCRemoteSwiftPackageReference;
			repositoryURL = "https://github.com/firebase/firebase-ios-sdk";
			requirement = {
				branch = master;
				kind = branch;
			};
		};
/* End XCRemoteSwiftPackageReference section */

/* Begin XCSwiftPackageProductDependency section */
		044130CD27E8231A00768DBA /* FSCalendar */ = {
			isa = XCSwiftPackageProductDependency;
			package = 044130CC27E8231A00768DBA /* XCRemoteSwiftPackageReference "FSCalendar" */;
			productName = FSCalendar;
		};
		04651F1827E5847900360140 /* Charts */ = {
			isa = XCSwiftPackageProductDependency;
			package = 04651F1727E5847800360140 /* XCRemoteSwiftPackageReference "Charts" */;
			productName = Charts;
		};
		159CD0D827D2DA9A00DCEC19 /* FirebaseAuth */ = {
			isa = XCSwiftPackageProductDependency;
			package = 159CD0D727D2DA9A00DCEC19 /* XCRemoteSwiftPackageReference "firebase-ios-sdk" */;
			productName = FirebaseAuth;
		};
		159CD0DA27D2DA9A00DCEC19 /* FirebaseAuthCombine-Community */ = {
			isa = XCSwiftPackageProductDependency;
			package = 159CD0D727D2DA9A00DCEC19 /* XCRemoteSwiftPackageReference "firebase-ios-sdk" */;
			productName = "FirebaseAuthCombine-Community";
		};
		159CD0DC27D2DA9A00DCEC19 /* FirebaseDatabase */ = {
			isa = XCSwiftPackageProductDependency;
			package = 159CD0D727D2DA9A00DCEC19 /* XCRemoteSwiftPackageReference "firebase-ios-sdk" */;
			productName = FirebaseDatabase;
		};
		159CD0DE27D2DA9A00DCEC19 /* FirebaseDatabaseSwift-Beta */ = {
			isa = XCSwiftPackageProductDependency;
			package = 159CD0D727D2DA9A00DCEC19 /* XCRemoteSwiftPackageReference "firebase-ios-sdk" */;
			productName = "FirebaseDatabaseSwift-Beta";
		};
		159CD0E027D2DA9A00DCEC19 /* FirebaseDynamicLinks */ = {
			isa = XCSwiftPackageProductDependency;
			package = 159CD0D727D2DA9A00DCEC19 /* XCRemoteSwiftPackageReference "firebase-ios-sdk" */;
			productName = FirebaseDynamicLinks;
		};
		159CD0E227D2DA9A00DCEC19 /* FirebaseFirestore */ = {
			isa = XCSwiftPackageProductDependency;
			package = 159CD0D727D2DA9A00DCEC19 /* XCRemoteSwiftPackageReference "firebase-ios-sdk" */;
			productName = FirebaseFirestore;
		};
		159CD0E427D2DA9A00DCEC19 /* FirebaseFirestoreSwift-Beta */ = {
			isa = XCSwiftPackageProductDependency;
			package = 159CD0D727D2DA9A00DCEC19 /* XCRemoteSwiftPackageReference "firebase-ios-sdk" */;
			productName = "FirebaseFirestoreSwift-Beta";
		};
		159CD0E627D2DA9A00DCEC19 /* FirebaseFunctionsSwift-Beta */ = {
			isa = XCSwiftPackageProductDependency;
			package = 159CD0D727D2DA9A00DCEC19 /* XCRemoteSwiftPackageReference "firebase-ios-sdk" */;
			productName = "FirebaseFunctionsSwift-Beta";
		};
		159CD0E827D2DA9A00DCEC19 /* FirebaseMessaging */ = {
			isa = XCSwiftPackageProductDependency;
			package = 159CD0D727D2DA9A00DCEC19 /* XCRemoteSwiftPackageReference "firebase-ios-sdk" */;
			productName = FirebaseMessaging;
		};
		159CD0EA27D2DA9A00DCEC19 /* FirebaseStorage */ = {
			isa = XCSwiftPackageProductDependency;
			package = 159CD0D727D2DA9A00DCEC19 /* XCRemoteSwiftPackageReference "firebase-ios-sdk" */;
			productName = FirebaseStorage;
		};
		159CD0EC27D2DA9A00DCEC19 /* FirebaseStorageSwift-Beta */ = {
			isa = XCSwiftPackageProductDependency;
			package = 159CD0D727D2DA9A00DCEC19 /* XCRemoteSwiftPackageReference "firebase-ios-sdk" */;
			productName = "FirebaseStorageSwift-Beta";
		};
/* End XCSwiftPackageProductDependency section */

/* Begin XCVersionGroup section */
		0414802327D2CFC200CA9FCC /* moodle.xcdatamodeld */ = {
			isa = XCVersionGroup;
			children = (
				0414802427D2CFC200CA9FCC /* moodle.xcdatamodel */,
			);
			currentVersion = 0414802427D2CFC200CA9FCC /* moodle.xcdatamodel */;
			path = moodle.xcdatamodeld;
			sourceTree = "<group>";
			versionGroupType = wrapper.xcdatamodel;
		};
/* End XCVersionGroup section */
	};
	rootObject = 0414800F27D2CFC100CA9FCC /* Project object */;
}
